{
  "version": 4,
  "terraform_version": "1.10.0",
  "serial": 1,
  "lineage": "4dfec8a7-59be-4af2-c5d3-e43e3f84442c",
  "outputs": {},
  "resources": [
    {
      "mode": "data",
      "type": "aws_vpc",
      "name": "data-source",
      "provider": "provider[\"registry.terraform.io/hashicorp/aws\"]",
      "instances": [
        {
          "schema_version": 0,
          "attributes": {
            "arn": "arn:aws:ec2:eu-central-1:533267430399:vpc/vpc-0b4c57c9958ccf0af",
            "cidr_block": "10.0.0.0/16",
            "cidr_block_associations": [
              {
                "association_id": "vpc-cidr-assoc-011c2350a826410b5",
                "cidr_block": "10.0.0.0/16",
                "state": "associated"
              }
            ],
            "default": false,
            "dhcp_options_id": "dopt-07010e8170006bc97",
            "enable_dns_hostnames": false,
            "enable_dns_support": true,
            "enable_network_address_usage_metrics": false,
            "filter": null,
            "id": "vpc-0b4c57c9958ccf0af",
            "instance_tenancy": "default",
            "ipv6_association_id": "",
            "ipv6_cidr_block": "",
            "main_route_table_id": "rtb-0a759f99608da9677",
            "owner_id": "533267430399",
            "state": null,
            "tags": {
              "Name": "data-source"
            },
            "timeouts": null
          },
          "sensitive_attributes": []
        }
      ]
    },
    {
      "mode": "managed",
      "type": "aws_internet_gateway",
      "name": "data-source-IGW",
      "provider": "provider[\"registry.terraform.io/hashicorp/aws\"]",
      "instances": [
        {
          "schema_version": 0,
          "attributes": {
            "arn": "arn:aws:ec2:eu-central-1:533267430399:internet-gateway/igw-0fa8482a14ff4d0b7",
            "id": "igw-0fa8482a14ff4d0b7",
            "owner_id": "533267430399",
            "tags": {
              "Name": "data-source-IGW"
            },
            "tags_all": {
              "Name": "data-source-IGW"
            },
            "timeouts": null,
            "vpc_id": "vpc-0b4c57c9958ccf0af"
          },
          "sensitive_attributes": [],
          "private": "eyJlMmJmYjczMC1lY2FhLTExZTYtOGY4OC0zNDM2M2JjN2M0YzAiOnsiY3JlYXRlIjoxMjAwMDAwMDAwMDAwLCJkZWxldGUiOjEyMDAwMDAwMDAwMDAsInVwZGF0ZSI6MTIwMDAwMDAwMDAwMH19",
          "dependencies": [
            "data.aws_vpc.data-source"
          ]
        }
      ]
    }
  ],
  "check_results": null
}
